// !$*UTF8*$!
{
	archiveVersion = 1;
	classes = {
	};
	objectVersion = 56;
	objects = {

/* Begin PBXBuildFile section */
		E309506729821AED005B1837 /* MercedesYelpKeLiuApp.swift in Sources */ = {isa = PBXBuildFile; fileRef = E309506629821AED005B1837 /* MercedesYelpKeLiuApp.swift */; };
		E309506929821AED005B1837 /* ContentView.swift in Sources */ = {isa = PBXBuildFile; fileRef = E309506829821AED005B1837 /* ContentView.swift */; };
		E309506B29821AEE005B1837 /* Assets.xcassets in Resources */ = {isa = PBXBuildFile; fileRef = E309506A29821AEE005B1837 /* Assets.xcassets */; };
		E309506E29821AEE005B1837 /* Preview Assets.xcassets in Resources */ = {isa = PBXBuildFile; fileRef = E309506D29821AEE005B1837 /* Preview Assets.xcassets */; };
		E309507929822387005B1837 /* Endpoints.swift in Sources */ = {isa = PBXBuildFile; fileRef = E309507829822387005B1837 /* Endpoints.swift */; };
		E309507B29822437005B1837 /* NetworkManager.swift in Sources */ = {isa = PBXBuildFile; fileRef = E309507A29822437005B1837 /* NetworkManager.swift */; };
		E309507F29822B87005B1837 /* Restaurant.swift in Sources */ = {isa = PBXBuildFile; fileRef = E309507E29822B87005B1837 /* Restaurant.swift */; };
		E309508129822C44005B1837 /* Review.swift in Sources */ = {isa = PBXBuildFile; fileRef = E309508029822C44005B1837 /* Review.swift */; };
		E309508329822F2C005B1837 /* ViewModel.swift in Sources */ = {isa = PBXBuildFile; fileRef = E309508229822F2C005B1837 /* ViewModel.swift */; };
		E309508529822F8A005B1837 /* ApplicationController.swift in Sources */ = {isa = PBXBuildFile; fileRef = E309508429822F8A005B1837 /* ApplicationController.swift */; };
		E309508729822FEF005B1837 /* Box.swift in Sources */ = {isa = PBXBuildFile; fileRef = E309508629822FEF005B1837 /* Box.swift */; };
		E3F1E5372982352A007A493F /* RootNavigationView.swift in Sources */ = {isa = PBXBuildFile; fileRef = E3F1E5362982352A007A493F /* RootNavigationView.swift */; };
		E3F1E5392982353D007A493F /* RestaurantsView.swift in Sources */ = {isa = PBXBuildFile; fileRef = E3F1E5382982353D007A493F /* RestaurantsView.swift */; };
		E3F1E53B2982355A007A493F /* LoadingOverlay.swift in Sources */ = {isa = PBXBuildFile; fileRef = E3F1E53A2982355A007A493F /* LoadingOverlay.swift */; };
		E3F1E53D29823587007A493F /* RestaurantsTableCellView.swift in Sources */ = {isa = PBXBuildFile; fileRef = E3F1E53C29823587007A493F /* RestaurantsTableCellView.swift */; };
		E3F1E53F298235A9007A493F /* ErrorView.swift in Sources */ = {isa = PBXBuildFile; fileRef = E3F1E53E298235A9007A493F /* ErrorView.swift */; };
		E3F1E541298235D8007A493F /* Device.swift in Sources */ = {isa = PBXBuildFile; fileRef = E3F1E540298235D8007A493F /* Device.swift */; };
		E3F1E5432982E4E2007A493F /* ReviewTableCellView.swift in Sources */ = {isa = PBXBuildFile; fileRef = E3F1E5422982E4E2007A493F /* ReviewTableCellView.swift */; };
		E3F1E5452982E504007A493F /* RestaurantDetailsView.swift in Sources */ = {isa = PBXBuildFile; fileRef = E3F1E5442982E504007A493F /* RestaurantDetailsView.swift */; };
		E3F1E5472982E52B007A493F /* ImageBucket.swift in Sources */ = {isa = PBXBuildFile; fileRef = E3F1E5462982E52B007A493F /* ImageBucket.swift */; };
		E3F1E5492982E6D1007A493F /* RestaurantDetails.swift in Sources */ = {isa = PBXBuildFile; fileRef = E3F1E5482982E6D1007A493F /* RestaurantDetails.swift */; };
		E3F1E54B29830015007A493F /* ExpandCollapseButton.swift in Sources */ = {isa = PBXBuildFile; fileRef = E3F1E54A29830015007A493F /* ExpandCollapseButton.swift */; };
		E3F1E54D2983014D007A493F /* ExpandableParagraph.swift in Sources */ = {isa = PBXBuildFile; fileRef = E3F1E54C2983014D007A493F /* ExpandableParagraph.swift */; };
		E3F1E54F29832536007A493F /* LocationManager.swift in Sources */ = {isa = PBXBuildFile; fileRef = E3F1E54E29832536007A493F /* LocationManager.swift */; };
/* End PBXBuildFile section */

/* Begin PBXFileReference section */
		E309506329821AED005B1837 /* MercedesYelpKeLiu.app */ = {isa = PBXFileReference; explicitFileType = wrapper.application; includeInIndex = 0; path = MercedesYelpKeLiu.app; sourceTree = BUILT_PRODUCTS_DIR; };
		E309506629821AED005B1837 /* MercedesYelpKeLiuApp.swift */ = {isa = PBXFileReference; lastKnownFileType = sourcecode.swift; path = MercedesYelpKeLiuApp.swift; sourceTree = "<group>"; };
		E309506829821AED005B1837 /* ContentView.swift */ = {isa = PBXFileReference; lastKnownFileType = sourcecode.swift; path = ContentView.swift; sourceTree = "<group>"; };
		E309506A29821AEE005B1837 /* Assets.xcassets */ = {isa = PBXFileReference; lastKnownFileType = folder.assetcatalog; path = Assets.xcassets; sourceTree = "<group>"; };
		E309506D29821AEE005B1837 /* Preview Assets.xcassets */ = {isa = PBXFileReference; lastKnownFileType = folder.assetcatalog; path = "Preview Assets.xcassets"; sourceTree = "<group>"; };
		E309507829822387005B1837 /* Endpoints.swift */ = {isa = PBXFileReference; lastKnownFileType = sourcecode.swift; path = Endpoints.swift; sourceTree = "<group>"; };
		E309507A29822437005B1837 /* NetworkManager.swift */ = {isa = PBXFileReference; lastKnownFileType = sourcecode.swift; path = NetworkManager.swift; sourceTree = "<group>"; };
		E309507E29822B87005B1837 /* Restaurant.swift */ = {isa = PBXFileReference; lastKnownFileType = sourcecode.swift; path = Restaurant.swift; sourceTree = "<group>"; };
		E309508029822C44005B1837 /* Review.swift */ = {isa = PBXFileReference; lastKnownFileType = sourcecode.swift; path = Review.swift; sourceTree = "<group>"; };
		E309508229822F2C005B1837 /* ViewModel.swift */ = {isa = PBXFileReference; lastKnownFileType = sourcecode.swift; path = ViewModel.swift; sourceTree = "<group>"; };
		E309508429822F8A005B1837 /* ApplicationController.swift */ = {isa = PBXFileReference; lastKnownFileType = sourcecode.swift; path = ApplicationController.swift; sourceTree = "<group>"; };
		E309508629822FEF005B1837 /* Box.swift */ = {isa = PBXFileReference; lastKnownFileType = sourcecode.swift; path = Box.swift; sourceTree = "<group>"; };
		E3F1E5362982352A007A493F /* RootNavigationView.swift */ = {isa = PBXFileReference; lastKnownFileType = sourcecode.swift; path = RootNavigationView.swift; sourceTree = "<group>"; };
		E3F1E5382982353D007A493F /* RestaurantsView.swift */ = {isa = PBXFileReference; lastKnownFileType = sourcecode.swift; path = RestaurantsView.swift; sourceTree = "<group>"; };
		E3F1E53A2982355A007A493F /* LoadingOverlay.swift */ = {isa = PBXFileReference; lastKnownFileType = sourcecode.swift; path = LoadingOverlay.swift; sourceTree = "<group>"; };
		E3F1E53C29823587007A493F /* RestaurantsTableCellView.swift */ = {isa = PBXFileReference; lastKnownFileType = sourcecode.swift; path = RestaurantsTableCellView.swift; sourceTree = "<group>"; };
		E3F1E53E298235A9007A493F /* ErrorView.swift */ = {isa = PBXFileReference; lastKnownFileType = sourcecode.swift; path = ErrorView.swift; sourceTree = "<group>"; };
		E3F1E540298235D8007A493F /* Device.swift */ = {isa = PBXFileReference; lastKnownFileType = sourcecode.swift; path = Device.swift; sourceTree = "<group>"; };
		E3F1E5422982E4E2007A493F /* ReviewTableCellView.swift */ = {isa = PBXFileReference; lastKnownFileType = sourcecode.swift; path = ReviewTableCellView.swift; sourceTree = "<group>"; };
		E3F1E5442982E504007A493F /* RestaurantDetailsView.swift */ = {isa = PBXFileReference; lastKnownFileType = sourcecode.swift; path = RestaurantDetailsView.swift; sourceTree = "<group>"; };
		E3F1E5462982E52B007A493F /* ImageBucket.swift */ = {isa = PBXFileReference; lastKnownFileType = sourcecode.swift; path = ImageBucket.swift; sourceTree = "<group>"; };
		E3F1E5482982E6D1007A493F /* RestaurantDetails.swift */ = {isa = PBXFileReference; lastKnownFileType = sourcecode.swift; path = RestaurantDetails.swift; sourceTree = "<group>"; };
		E3F1E54A29830015007A493F /* ExpandCollapseButton.swift */ = {isa = PBXFileReference; lastKnownFileType = sourcecode.swift; path = ExpandCollapseButton.swift; sourceTree = "<group>"; };
		E3F1E54C2983014D007A493F /* ExpandableParagraph.swift */ = {isa = PBXFileReference; lastKnownFileType = sourcecode.swift; path = ExpandableParagraph.swift; sourceTree = "<group>"; };
		E3F1E54E29832536007A493F /* LocationManager.swift */ = {isa = PBXFileReference; lastKnownFileType = sourcecode.swift; path = LocationManager.swift; sourceTree = "<group>"; };
/* End PBXFileReference section */

/* Begin PBXFrameworksBuildPhase section */
		E309506029821AED005B1837 /* Frameworks */ = {
			isa = PBXFrameworksBuildPhase;
			buildActionMask = 2147483647;
			files = (
			);
			runOnlyForDeploymentPostprocessing = 0;
		};
/* End PBXFrameworksBuildPhase section */

/* Begin PBXGroup section */
		E309505A29821AED005B1837 = {
			isa = PBXGroup;
			children = (
				E309506529821AED005B1837 /* MercedesYelpKeLiu */,
				E309506429821AED005B1837 /* Products */,
			);
			sourceTree = "<group>";
		};
		E309506429821AED005B1837 /* Products */ = {
			isa = PBXGroup;
			children = (
				E309506329821AED005B1837 /* MercedesYelpKeLiu.app */,
			);
			name = Products;
			sourceTree = "<group>";
		};
		E309506529821AED005B1837 /* MercedesYelpKeLiu */ = {
			isa = PBXGroup;
			children = (
				E309506629821AED005B1837 /* MercedesYelpKeLiuApp.swift */,
				E309508429822F8A005B1837 /* ApplicationController.swift */,
				E309508629822FEF005B1837 /* Box.swift */,
				E309506829821AED005B1837 /* ContentView.swift */,
				E3F1E540298235D8007A493F /* Device.swift */,
				E309507429822027005B1837 /* Network */,
				E30950752982203A005B1837 /* Model */,
				E309507629822047005B1837 /* View */,
				E309507729822058005B1837 /* ViewModel */,
				E309506A29821AEE005B1837 /* Assets.xcassets */,
				E309506C29821AEE005B1837 /* Preview Content */,
			);
			path = MercedesYelpKeLiu;
			sourceTree = "<group>";
		};
		E309506C29821AEE005B1837 /* Preview Content */ = {
			isa = PBXGroup;
			children = (
				E309506D29821AEE005B1837 /* Preview Assets.xcassets */,
			);
			path = "Preview Content";
			sourceTree = "<group>";
		};
		E309507429822027005B1837 /* Network */ = {
			isa = PBXGroup;
			children = (
				E309507829822387005B1837 /* Endpoints.swift */,
				E309507A29822437005B1837 /* NetworkManager.swift */,
			);
			path = Network;
			sourceTree = "<group>";
		};
		E30950752982203A005B1837 /* Model */ = {
			isa = PBXGroup;
			children = (
				E309507E29822B87005B1837 /* Restaurant.swift */,
				E309508029822C44005B1837 /* Review.swift */,
				E3F1E5482982E6D1007A493F /* RestaurantDetails.swift */,
				E3F1E54E29832536007A493F /* LocationManager.swift */,
			);
			path = Model;
			sourceTree = "<group>";
		};
		E309507629822047005B1837 /* View */ = {
			isa = PBXGroup;
			children = (
				E3F1E5362982352A007A493F /* RootNavigationView.swift */,
				E3F1E5382982353D007A493F /* RestaurantsView.swift */,
				E3F1E53A2982355A007A493F /* LoadingOverlay.swift */,
				E3F1E53C29823587007A493F /* RestaurantsTableCellView.swift */,
				E3F1E53E298235A9007A493F /* ErrorView.swift */,
				E3F1E5422982E4E2007A493F /* ReviewTableCellView.swift */,
				E3F1E5442982E504007A493F /* RestaurantDetailsView.swift */,
				E3F1E54A29830015007A493F /* ExpandCollapseButton.swift */,
				E3F1E54C2983014D007A493F /* ExpandableParagraph.swift */,
			);
			path = View;
			sourceTree = "<group>";
		};
		E309507729822058005B1837 /* ViewModel */ = {
			isa = PBXGroup;
			children = (
				E309508229822F2C005B1837 /* ViewModel.swift */,
				E3F1E5462982E52B007A493F /* ImageBucket.swift */,
			);
			path = ViewModel;
			sourceTree = "<group>";
		};
/* End PBXGroup section */

/* Begin PBXNativeTarget section */
		E309506229821AED005B1837 /* MercedesYelpKeLiu */ = {
			isa = PBXNativeTarget;
			buildConfigurationList = E309507129821AEE005B1837 /* Build configuration list for PBXNativeTarget "MercedesYelpKeLiu" */;
			buildPhases = (
				E309505F29821AED005B1837 /* Sources */,
				E309506029821AED005B1837 /* Frameworks */,
				E309506129821AED005B1837 /* Resources */,
			);
			buildRules = (
			);
			dependencies = (
			);
			name = MercedesYelpKeLiu;
			productName = MercedesYelpKeLiu;
			productReference = E309506329821AED005B1837 /* MercedesYelpKeLiu.app */;
			productType = "com.apple.product-type.application";
		};
/* End PBXNativeTarget section */

/* Begin PBXProject section */
		E309505B29821AED005B1837 /* Project object */ = {
			isa = PBXProject;
			attributes = {
				BuildIndependentTargetsInParallel = 1;
				LastSwiftUpdateCheck = 1420;
				LastUpgradeCheck = 1420;
				TargetAttributes = {
					E309506229821AED005B1837 = {
						CreatedOnToolsVersion = 14.2;
					};
				};
			};
			buildConfigurationList = E309505E29821AED005B1837 /* Build configuration list for PBXProject "MercedesYelpKeLiu" */;
			compatibilityVersion = "Xcode 14.0";
			developmentRegion = en;
			hasScannedForEncodings = 0;
			knownRegions = (
				en,
				Base,
			);
			mainGroup = E309505A29821AED005B1837;
			productRefGroup = E309506429821AED005B1837 /* Products */;
			projectDirPath = "";
			projectRoot = "";
			targets = (
				E309506229821AED005B1837 /* MercedesYelpKeLiu */,
			);
		};
/* End PBXProject section */

/* Begin PBXResourcesBuildPhase section */
		E309506129821AED005B1837 /* Resources */ = {
			isa = PBXResourcesBuildPhase;
			buildActionMask = 2147483647;
			files = (
				E309506E29821AEE005B1837 /* Preview Assets.xcassets in Resources */,
				E309506B29821AEE005B1837 /* Assets.xcassets in Resources */,
			);
			runOnlyForDeploymentPostprocessing = 0;
		};
/* End PBXResourcesBuildPhase section */

/* Begin PBXSourcesBuildPhase section */
		E309505F29821AED005B1837 /* Sources */ = {
			isa = PBXSourcesBuildPhase;
			buildActionMask = 2147483647;
			files = (
				E309508529822F8A005B1837 /* ApplicationController.swift in Sources */,
				E309507B29822437005B1837 /* NetworkManager.swift in Sources */,
				E309506929821AED005B1837 /* ContentView.swift in Sources */,
				E3F1E541298235D8007A493F /* Device.swift in Sources */,
				E309508129822C44005B1837 /* Review.swift in Sources */,
				E3F1E53F298235A9007A493F /* ErrorView.swift in Sources */,
				E3F1E5472982E52B007A493F /* ImageBucket.swift in Sources */,
				E3F1E54F29832536007A493F /* LocationManager.swift in Sources */,
				E309507F29822B87005B1837 /* Restaurant.swift in Sources */,
				E3F1E5392982353D007A493F /* RestaurantsView.swift in Sources */,
				E3F1E54D2983014D007A493F /* ExpandableParagraph.swift in Sources */,
				E3F1E53D29823587007A493F /* RestaurantsTableCellView.swift in Sources */,
				E3F1E53B2982355A007A493F /* LoadingOverlay.swift in Sources */,
				E309507929822387005B1837 /* Endpoints.swift in Sources */,
				E3F1E5432982E4E2007A493F /* ReviewTableCellView.swift in Sources */,
				E3F1E54B29830015007A493F /* ExpandCollapseButton.swift in Sources */,
				E3F1E5492982E6D1007A493F /* RestaurantDetails.swift in Sources */,
				E309508329822F2C005B1837 /* ViewModel.swift in Sources */,
				E3F1E5452982E504007A493F /* RestaurantDetailsView.swift in Sources */,
				E309506729821AED005B1837 /* MercedesYelpKeLiuApp.swift in Sources */,
				E3F1E5372982352A007A493F /* RootNavigationView.swift in Sources */,
				E309508729822FEF005B1837 /* Box.swift in Sources */,
			);
			runOnlyForDeploymentPostprocessing = 0;
		};
/* End PBXSourcesBuildPhase section */

/* Begin XCBuildConfiguration section */
		E309506F29821AEE005B1837 /* Debug */ = {
			isa = XCBuildConfiguration;
			buildSettings = {
				ALWAYS_SEARCH_USER_PATHS = NO;
				CLANG_ANALYZER_NONNULL = YES;
				CLANG_ANALYZER_NUMBER_OBJECT_CONVERSION = YES_AGGRESSIVE;
				CLANG_CXX_LANGUAGE_STANDARD = "gnu++20";
				CLANG_ENABLE_MODULES = YES;
				CLANG_ENABLE_OBJC_ARC = YES;
				CLANG_ENABLE_OBJC_WEAK = YES;
				CLANG_WARN_BLOCK_CAPTURE_AUTORELEASING = YES;
				CLANG_WARN_BOOL_CONVERSION = YES;
				CLANG_WARN_COMMA = YES;
				CLANG_WARN_CONSTANT_CONVERSION = YES;
				CLANG_WARN_DEPRECATED_OBJC_IMPLEMENTATIONS = YES;
				CLANG_WARN_DIRECT_OBJC_ISA_USAGE = YES_ERROR;
				CLANG_WARN_DOCUMENTATION_COMMENTS = YES;
				CLANG_WARN_EMPTY_BODY = YES;
				CLANG_WARN_ENUM_CONVERSION = YES;
				CLANG_WARN_INFINITE_RECURSION = YES;
				CLANG_WARN_INT_CONVERSION = YES;
				CLANG_WARN_NON_LITERAL_NULL_CONVERSION = YES;
				CLANG_WARN_OBJC_IMPLICIT_RETAIN_SELF = YES;
				CLANG_WARN_OBJC_LITERAL_CONVERSION = YES;
				CLANG_WARN_OBJC_ROOT_CLASS = YES_ERROR;
				CLANG_WARN_QUOTED_INCLUDE_IN_FRAMEWORK_HEADER = YES;
				CLANG_WARN_RANGE_LOOP_ANALYSIS = YES;
				CLANG_WARN_STRICT_PROTOTYPES = YES;
				CLANG_WARN_SUSPICIOUS_MOVE = YES;
				CLANG_WARN_UNGUARDED_AVAILABILITY = YES_AGGRESSIVE;
				CLANG_WARN_UNREACHABLE_CODE = YES;
				CLANG_WARN__DUPLICATE_METHOD_MATCH = YES;
				COPY_PHASE_STRIP = NO;
				DEBUG_INFORMATION_FORMAT = dwarf;
				ENABLE_STRICT_OBJC_MSGSEND = YES;
				ENABLE_TESTABILITY = YES;
				GCC_C_LANGUAGE_STANDARD = gnu11;
				GCC_DYNAMIC_NO_PIC = NO;
				GCC_NO_COMMON_BLOCKS = YES;
				GCC_OPTIMIZATION_LEVEL = 0;
				GCC_PREPROCESSOR_DEFINITIONS = (
					"DEBUG=1",
					"$(inherited)",
				);
				GCC_WARN_64_TO_32_BIT_CONVERSION = YES;
				GCC_WARN_ABOUT_RETURN_TYPE = YES_ERROR;
				GCC_WARN_UNDECLARED_SELECTOR = YES;
				GCC_WARN_UNINITIALIZED_AUTOS = YES_AGGRESSIVE;
				GCC_WARN_UNUSED_FUNCTION = YES;
				GCC_WARN_UNUSED_VARIABLE = YES;
				IPHONEOS_DEPLOYMENT_TARGET = 16.2;
				MTL_ENABLE_DEBUG_INFO = INCLUDE_SOURCE;
				MTL_FAST_MATH = YES;
				ONLY_ACTIVE_ARCH = YES;
				SDKROOT = iphoneos;
				SWIFT_ACTIVE_COMPILATION_CONDITIONS = DEBUG;
				SWIFT_OPTIMIZATION_LEVEL = "-Onone";
			};
			name = Debug;
		};
		E309507029821AEE005B1837 /* Release */ = {
			isa = XCBuildConfiguration;
			buildSettings = {
				ALWAYS_SEARCH_USER_PATHS = NO;
				CLANG_ANALYZER_NONNULL = YES;
				CLANG_ANALYZER_NUMBER_OBJECT_CONVERSION = YES_AGGRESSIVE;
				CLANG_CXX_LANGUAGE_STANDARD = "gnu++20";
				CLANG_ENABLE_MODULES = YES;
				CLANG_ENABLE_OBJC_ARC = YES;
				CLANG_ENABLE_OBJC_WEAK = YES;
				CLANG_WARN_BLOCK_CAPTURE_AUTORELEASING = YES;
				CLANG_WARN_BOOL_CONVERSION = YES;
				CLANG_WARN_COMMA = YES;
				CLANG_WARN_CONSTANT_CONVERSION = YES;
				CLANG_WARN_DEPRECATED_OBJC_IMPLEMENTATIONS = YES;
				CLANG_WARN_DIRECT_OBJC_ISA_USAGE = YES_ERROR;
				CLANG_WARN_DOCUMENTATION_COMMENTS = YES;
				CLANG_WARN_EMPTY_BODY = YES;
				CLANG_WARN_ENUM_CONVERSION = YES;
				CLANG_WARN_INFINITE_RECURSION = YES;
				CLANG_WARN_INT_CONVERSION = YES;
				CLANG_WARN_NON_LITERAL_NULL_CONVERSION = YES;
				CLANG_WARN_OBJC_IMPLICIT_RETAIN_SELF = YES;
				CLANG_WARN_OBJC_LITERAL_CONVERSION = YES;
				CLANG_WARN_OBJC_ROOT_CLASS = YES_ERROR;
				CLANG_WARN_QUOTED_INCLUDE_IN_FRAMEWORK_HEADER = YES;
				CLANG_WARN_RANGE_LOOP_ANALYSIS = YES;
				CLANG_WARN_STRICT_PROTOTYPES = YES;
				CLANG_WARN_SUSPICIOUS_MOVE = YES;
				CLANG_WARN_UNGUARDED_AVAILABILITY = YES_AGGRESSIVE;
				CLANG_WARN_UNREACHABLE_CODE = YES;
				CLANG_WARN__DUPLICATE_METHOD_MATCH = YES;
				COPY_PHASE_STRIP = NO;
				DEBUG_INFORMATION_FORMAT = "dwarf-with-dsym";
				ENABLE_NS_ASSERTIONS = NO;
				ENABLE_STRICT_OBJC_MSGSEND = YES;
				GCC_C_LANGUAGE_STANDARD = gnu11;
				GCC_NO_COMMON_BLOCKS = YES;
				GCC_WARN_64_TO_32_BIT_CONVERSION = YES;
				GCC_WARN_ABOUT_RETURN_TYPE = YES_ERROR;
				GCC_WARN_UNDECLARED_SELECTOR = YES;
				GCC_WARN_UNINITIALIZED_AUTOS = YES_AGGRESSIVE;
				GCC_WARN_UNUSED_FUNCTION = YES;
				GCC_WARN_UNUSED_VARIABLE = YES;
				IPHONEOS_DEPLOYMENT_TARGET = 16.2;
				MTL_ENABLE_DEBUG_INFO = NO;
				MTL_FAST_MATH = YES;
				SDKROOT = iphoneos;
				SWIFT_COMPILATION_MODE = wholemodule;
				SWIFT_OPTIMIZATION_LEVEL = "-O";
				VALIDATE_PRODUCT = YES;
			};
			name = Release;
		};
		E309507229821AEE005B1837 /* Debug */ = {
			isa = XCBuildConfiguration;
			buildSettings = {
				ASSETCATALOG_COMPILER_APPICON_NAME = AppIcon;
				ASSETCATALOG_COMPILER_GLOBAL_ACCENT_COLOR_NAME = AccentColor;
				CODE_SIGN_STYLE = Automatic;
				CURRENT_PROJECT_VERSION = 1;
				DEVELOPMENT_ASSET_PATHS = "\"MercedesYelpKeLiu/Preview Content\"";
				ENABLE_PREVIEWS = YES;
				GENERATE_INFOPLIST_FILE = YES;
				INFOPLIST_KEY_NSLocationWhenInUseUsageDescription = "Allows the use of geographic location to obtain nearby restaurant information";
				INFOPLIST_KEY_UIApplicationSceneManifest_Generation = YES;
				INFOPLIST_KEY_UIApplicationSupportsIndirectInputEvents = YES;
				INFOPLIST_KEY_UILaunchScreen_Generation = YES;
				INFOPLIST_KEY_UISupportedInterfaceOrientations_iPad = "UIInterfaceOrientationPortrait UIInterfaceOrientationPortraitUpsideDown UIInterfaceOrientationLandscapeLeft UIInterfaceOrientationLandscapeRight";
				INFOPLIST_KEY_UISupportedInterfaceOrientations_iPhone = "UIInterfaceOrientationPortrait UIInterfaceOrientationLandscapeLeft UIInterfaceOrientationLandscapeRight";
				LD_RUNPATH_SEARCH_PATHS = (
					"$(inherited)",
					"@executable_path/Frameworks",
				);
				MARKETING_VERSION = 1.0;
				PRODUCT_BUNDLE_IDENTIFIER = me.Liu.Ke.MercedesYelpKeLiu;
				PRODUCT_NAME = "$(TARGET_NAME)";
				SWIFT_EMIT_LOC_STRINGS = YES;
				SWIFT_VERSION = 5.0;
				TARGETED_DEVICE_FAMILY = "1,2";
			};
			name = Debug;
		};
		E309507329821AEE005B1837 /* Release */ = {
			isa = XCBuildConfiguration;
			buildSettings = {
				ASSETCATALOG_COMPILER_APPICON_NAME = AppIcon;
				ASSETCATALOG_COMPILER_GLOBAL_ACCENT_COLOR_NAME = AccentColor;
				CODE_SIGN_STYLE = Automatic;
				CURRENT_PROJECT_VERSION = 1;
				DEVELOPMENT_ASSET_PATHS = "\"MercedesYelpKeLiu/Preview Content\"";
				ENABLE_PREVIEWS = YES;
				GENERATE_INFOPLIST_FILE = YES;
				INFOPLIST_KEY_NSLocationWhenInUseUsageDescription = "Allows the use of geographic location to obtain nearby restaurant information";
				INFOPLIST_KEY_UIApplicationSceneManifest_Generation = YES;
				INFOPLIST_KEY_UIApplicationSupportsIndirectInputEvents = YES;
				INFOPLIST_KEY_UILaunchScreen_Generation = YES;
				INFOPLIST_KEY_UISupportedInterfaceOrientations_iPad = "UIInterfaceOrientationPortrait UIInterfaceOrientationPortraitUpsideDown UIInterfaceOrientationLandscapeLeft UIInterfaceOrientationLandscapeRight";
				INFOPLIST_KEY_UISupportedInterfaceOrientations_iPhone = "UIInterfaceOrientationPortrait UIInterfaceOrientationLandscapeLeft UIInterfaceOrientationLandscapeRight";
				LD_RUNPATH_SEARCH_PATHS = (
					"$(inherited)",
					"@executable_path/Frameworks",
				);
				MARKETING_VERSION = 1.0;
				PRODUCT_BUNDLE_IDENTIFIER = me.Liu.Ke.MercedesYelpKeLiu;
				PRODUCT_NAME = "$(TARGET_NAME)";
				SWIFT_EMIT_LOC_STRINGS = YES;
				SWIFT_VERSION = 5.0;
				TARGETED_DEVICE_FAMILY = "1,2";
			};
			name = Release;
		};
/* End XCBuildConfiguration section */

/* Begin XCConfigurationList section */
		E309505E29821AED005B1837 /* Build configuration list for PBXProject "MercedesYelpKeLiu" */ = {
			isa = XCConfigurationList;
			buildConfigurations = (
				E309506F29821AEE005B1837 /* Debug */,
				E309507029821AEE005B1837 /* Release */,
			);
			defaultConfigurationIsVisible = 0;
			defaultConfigurationName = Release;
		};
		E309507129821AEE005B1837 /* Build configuration list for PBXNativeTarget "MercedesYelpKeLiu" */ = {
			isa = XCConfigurationList;
			buildConfigurations = (
				E309507229821AEE005B1837 /* Debug */,
				E309507329821AEE005B1837 /* Release */,
			);
			defaultConfigurationIsVisible = 0;
			defaultConfigurationName = Release;
		};
/* End XCConfigurationList section */
	};
	rootObject = E309505B29821AED005B1837 /* Project object */;
}
